
Microsoft Visual Studio Solution File, Format Version 12.00
# Visual Studio Version 16
VisualStudioVersion = 16.0.30330.147
MinimumVisualStudioVersion = 10.0.40219.1
Project("{FAE04EC0-301F-11D3-BF4B-00C04F79EFBC}") = "WEB", "WEB\WEB.csproj", "{DE639C42-3477-486B-97C0-C7AD51B2110C}"
EndProject
Project("{FAE04EC0-301F-11D3-BF4B-00C04F79EFBC}") = "DAL", "DAL\DAL.csproj", "{3FA721BC-A7D3-41E2-9389-6E7EE04E3620}"
EndProject
Project("{FAE04EC0-301F-11D3-BF4B-00C04F79EFBC}") = "BLL", "BLL\BLL.csproj", "{8331EEC6-153A-4CCD-B53B-07B2444A3973}"
EndProject
Global
	GlobalSection(SolutionConfigurationPlatforms) = preSolution
		Debug|Any CPU = Debug|Any CPU
		Release|Any CPU = Release|Any CPU
	EndGlobalSection
	GlobalSection(ProjectConfigurationPlatforms) = postSolution
		{DE639C42-3477-486B-97C0-C7AD51B2110C}.Debug|Any CPU.ActiveCfg = Debug|Any CPU
		{DE639C42-3477-486B-97C0-C7AD51B2110C}.Debug|Any CPU.Build.0 = Debug|Any CPU
		{DE639C42-3477-486B-97C0-C7AD51B2110C}.Release|Any CPU.ActiveCfg = Release|Any CPU
		{DE639C42-3477-486B-97C0-C7AD51B2110C}.Release|Any CPU.Build.0 = Release|Any CPU
		{3FA721BC-A7D3-41E2-9389-6E7EE04E3620}.Debug|Any CPU.ActiveCfg = Debug|Any CPU
		{3FA721BC-A7D3-41E2-9389-6E7EE04E3620}.Debug|Any CPU.Build.0 = Debug|Any CPU
		{3FA721BC-A7D3-41E2-9389-6E7EE04E3620}.Release|Any CPU.ActiveCfg = Release|Any CPU
		{3FA721BC-A7D3-41E2-9389-6E7EE04E3620}.Release|Any CPU.Build.0 = Release|Any CPU
		{8331EEC6-153A-4CCD-B53B-07B2444A3973}.Debug|Any CPU.ActiveCfg = Debug|Any CPU
		{8331EEC6-153A-4CCD-B53B-07B2444A3973}.Debug|Any CPU.Build.0 = Debug|Any CPU
		{8331EEC6-153A-4CCD-B53B-07B2444A3973}.Release|Any CPU.ActiveCfg = Release|Any CPU
		{8331EEC6-153A-4CCD-B53B-07B2444A3973}.Release|Any CPU.Build.0 = Release|Any CPU
	EndGlobalSection
	GlobalSection(SolutionProperties) = preSolution
		HideSolutionNode = FALSE
	EndGlobalSection
	GlobalSection(ExtensibilityGlobals) = postSolution
		SolutionGuid = {4ABAAE92-6622-4372-B119-F773E9C65E91}
	EndGlobalSection
EndGlobal
